github.com/bsm/ginkgo/v2 v2.12.0 h1:Ny8MWAHyOepLGlLKYmXG4IEkioBysk6GpaRTLC8zwWs=
github.com/bsm/gomega v1.27.10 h1:yeMWxP2pV2fG3FgAODIY8EiRE3dy0aeFYt4l7wh6yKA=
github.com/cespare/xxhash/v2 v2.2.0 h1:DC2CZ1Ep5Y4k3ZQ899DldepgrayRUGE6BBZ/cd9Cj44=
github.com/cespare/xxhash/v2 v2.2.0/go.mod h1:VGX0DQ3Q6kWi7AoAeZDth3/j3BFtOZR5XLFGgcrjCOs=
github.com/dgryski/go-rendezvous v0.0.0-20200823014737-9f7001d12a5f h1:lO4WD4F/rVNCu3HqELle0jiPLLBs70cWOduZpkS1E78=
github.com/dgryski/go-rendezvous v0.0.0-20200823014737-9f7001d12a5f/go.mod h1:cuUVRXasLTGF7a8hSLbxyZXjz+1KgoB3wDUb6vlszIc=
github.com/frankban/quicktest v1.14.6 h1:7Xjx+VpznH+oBnejlPUj8oUpdxnVs4f8XU8WnHkI4W8=
github.com/go-sql-driver/mysql v1.7.0 h1:ueSltNNllEqE3qcWBTD0iQd3IpL/6U+mJxLkazJ7YPc=
github.com/go-sql-driver/mysql v1.7.0/go.mod h1:OXbVy3sEdcQ2Doequ6Z5BW6fXNQTmx+9S1MCJN5yJMI=
github.com/google/go-cmp v0.5.9 h1:O2Tfq5qg4qc4AmwVlvv0oLiVAGB7enBSJ2x2DqQFi38=
github.com/jinzhu/inflection v1.0.0 h1:K317FqzuhWc8YvSVlFMCCUb36O/S9MCKRDI7QkRKD/E=
github.com/jinzhu/inflection v1.0.0/go.mod h1:h+uFLlag+Qp1Va5pdKtLDYj+kHp5pxUVkryuEj+Srlc=
github.com/jinzhu/now v1.1.5 h1:/o9tlHleP7gOFmsnYNz3RGnqzefHA47wQpKrrdTIwXQ=
github.com/jinzhu/now v1.1.5/go.mod h1:d3SSVoowX0Lcu0IBviAWJpolVfI5UJVZZ7cO71lE/z8=
github.com/kordar/godb v0.0.7 h1:y6N9BHaTKXLJUw0lLSor2wIbRSE8c/GWz2jLAnMv1Rs=
github.com/kordar/godb v0.0.7/go.mod h1:9is7dBbUuRnXJ0vK80eqGPtjhJ+OwiHbdaGnCUaVQkg=
github.com/kordar/goframework-goredis v0.0.1 h1:y5N5zMKZi/PwNSPpp+qO7yRDHffEHu3xxsWrSe2TnM0=
github.com/kordar/goframework-goredis v0.0.1/go.mod h1:+oExHma1RlIxXH6oheDQm96zrkDn8WCiCU7P/nWOWag=
github.com/kordar/goframework-gorm-mysql v1.0.10 h1:bMVhA6x+YmFTxsBvLs0JAp3HG6Y2V5Y8tygyflNCkpI=
github.com/kordar/goframework-gorm-mysql v1.0.10/go.mod h1:jS764k5LSJCxovAXEYGon1g62xhatpYNwE/RTGNzFak=
github.com/kordar/gologger v0.0.8 h1:bpbxxOagkXp7TKREji61FrwVljf5X56yvedQsWNVe28=
github.com/kordar/gologger v0.0.8/go.mod h1:hJF0BnPeo/QSJalJBF0eOG362WHez/Uc5SurSd5cdEo=
github.com/kordar/gorbac v1.1.1 h1:Zf7fiiBWc0s2V+5ZjGqlOz4LZXze+UHADtUMTWWPIeM=
github.com/kordar/gorbac v1.1.1/go.mod h1:OUkzCCuSFFC1u6rjQYs0OZcWcPIaM6yUXRG5hMo0RZI=
github.com/kordar/gorbac-gorm v0.0.4 h1:hb4/tBgK885eT+NKkl2qO8alNj4za7Xj57TbwdQIhc4=
github.com/kordar/gorbac-gorm v0.0.4/go.mod h1:t7GbZVy+gJ0Q2lFJJ0BnlI9psjM/QAOS+oBrOm8uD9w=
github.com/kordar/gorbac-redis v0.0.3 h1:9A6SZRUzjRR9qwUjUSMK7ZxDWgt6vG5Mqcz5mCxB0mI=
github.com/kordar/gorbac-redis v0.0.3/go.mod h1:V/sqjBbyxd8uEtWxZ47/4EtYNG333qWE6liYUl1Qo14=
github.com/kr/pretty v0.3.1 h1:flRD4NNwYAUpkphVc1HcthR4KEIFJ65n8Mw5qdRn3LE=
github.com/kr/text v0.2.0 h1:5Nx0Ya0ZqY2ygV366QzturHI13Jq95ApcVaJBhpS+AY=
github.com/redis/go-redis/v9 v9.6.1 h1:HHDteefn6ZkTtY5fGUE8tj8uy85AHk6zP7CpzIAM0y4=
github.com/redis/go-redis/v9 v9.6.1/go.mod h1:0C0c6ycQsdpVNQpxb1njEQIqkx5UcsM8FJCQLgE9+RA=
github.com/rogpeppe/go-internal v1.9.0 h1:73kH8U+JUqXU8lRuOHeVHaa/SZPifC7BkcraZVejAe8=
github.com/spf13/cast v1.7.0 h1:ntdiHjuueXFgm5nzDRdOS4yfT43P5Fnud6DH50rz/7w=
github.com/spf13/cast v1.7.0/go.mod h1:ancEpBxwJDODSW/UG4rDrAqiKolqNNh2DX3mk86cAdo=
gorm.io/driver/mysql v1.5.7 h1:MndhOPYOfEp2rHKgkZIhJ16eVUIRf2HmzgoPmh7FCWo=
gorm.io/driver/mysql v1.5.7/go.mod h1:sEtPWMiqiN1N1cMXoXmBbd8C6/l+TESwriotuRRpkDM=
gorm.io/gorm v1.25.7/go.mod h1:hbnx/Oo0ChWMn1BIhpy1oYozzpM15i4YPuHDmfYtwg8=
gorm.io/gorm v1.25.10 h1:dQpO+33KalOA+aFYGlK+EfxcI5MbO7EP2yYygwh9h+s=
gorm.io/gorm v1.25.10/go.mod h1:hbnx/Oo0ChWMn1BIhpy1oYozzpM15i4YPuHDmfYtwg8=
